# THIS IS AN AUTOGENERATED FILE. DO NOT EDIT THIS FILE DIRECTLY.
# yarn lockfile v1


epress@^0.0.1-security:
  version "0.0.1-security"
  resolved "https://registry.yarnpkg.com/epress/-/epress-0.0.1-security.tgz#8a44c252fa19b1d4c9704a00792639b0ae1e97bd"
  integrity sha512-/REk6cExLsDmL7S4dXf6SHaZl4e+9ZzoGAH6KEETT9lzZyBr4PnFLvHFc0WGb+vXzIOqySHSigzP+iSD+IDUYw==
